
Microsoft Visual Studio Solution File, Format Version 12.00
# Visual Studio Version 16
VisualStudioVersion = 16.0.31911.196
MinimumVisualStudioVersion = 10.0.40219.1
Project("{F184B08F-C81C-45F6-A57F-5ABD9991F28F}") = "convert", "convert\convert.vbproj", "{7437B064-BBD4-4778-98DB-1A0A981D99C4}"
EndProject
Global
	GlobalSection(SolutionConfigurationPlatforms) = preSolution
		Debug|Any CPU = Debug|Any CPU
		Release|Any CPU = Release|Any CPU
	EndGlobalSection
	GlobalSection(ProjectConfigurationPlatforms) = postSolution
		{7437B064-BBD4-4778-98DB-1A0A981D99C4}.Debug|Any CPU.ActiveCfg = Debug|Any CPU
		{7437B064-BBD4-4778-98DB-1A0A981D99C4}.Debug|Any CPU.Build.0 = Debug|Any CPU
		{7437B064-BBD4-4778-98DB-1A0A981D99C4}.Release|Any CPU.ActiveCfg = Release|Any CPU
		{7437B064-BBD4-4778-98DB-1A0A981D99C4}.Release|Any CPU.Build.0 = Release|Any CPU
	EndGlobalSection
	GlobalSection(SolutionProperties) = preSolution
		HideSolutionNode = FALSE
	EndGlobalSection
	GlobalSection(ExtensibilityGlobals) = postSolution
		SolutionGuid = {C4F4CBE8-C175-44DF-BBB3-81C6E360876D}
	EndGlobalSection
EndGlobal
